# DO NOT EDIT MANUALLY - Managed by Fern Replay
version: "1.0"
generations:
  - commit_sha: 0bdc20f617e7801b9b6e1ab9b58577908eb08289
    tree_hash: cb309238d39c3edba3499e96813a76519ca23738
    timestamp: 2026-05-22T17:32:00.269Z
    cli_version: unknown
    generator_versions: {}
current_generation: 0bdc20f617e7801b9b6e1ab9b58577908eb08289
patches: []
